
Microsoft Visual Studio Solution File, Format Version 12.00
# Visual Studio Version 16
VisualStudioVersion = 25.0.1706.8
MinimumVisualStudioVersion = 10.0.40219.1
Project("{FAE04EC0-301F-11D3-BF4B-00C04F79EFBC}") = "OOPLab2", "OOPLab2\OOPLab2.csproj", "{4C01A55A-64EE-455B-BFB3-BD6F7A6BE94D}"
EndProject
Global
	GlobalSection(SolutionConfigurationPlatforms) = preSolution
		Debug|Any CPU = Debug|Any CPU
		Release|Any CPU = Release|Any CPU
	EndGlobalSection
	GlobalSection(ProjectConfigurationPlatforms) = postSolution
		{4C01A55A-64EE-455B-BFB3-BD6F7A6BE94D}.Debug|Any CPU.ActiveCfg = Debug|Any CPU
		{4C01A55A-64EE-455B-BFB3-BD6F7A6BE94D}.Debug|Any CPU.Build.0 = Debug|Any CPU
		{4C01A55A-64EE-455B-BFB3-BD6F7A6BE94D}.Release|Any CPU.ActiveCfg = Release|Any CPU
		{4C01A55A-64EE-455B-BFB3-BD6F7A6BE94D}.Release|Any CPU.Build.0 = Release|Any CPU
	EndGlobalSection
	GlobalSection(SolutionProperties) = preSolution
		HideSolutionNode = FALSE
	EndGlobalSection
	GlobalSection(ExtensibilityGlobals) = postSolution
		SolutionGuid = {217E4ECA-22C0-4525-8670-7908994FC9D4}
	EndGlobalSection
EndGlobal
